
Microsoft Visual Studio Solution File, Format Version 12.00
# Visual Studio Version 17
VisualStudioVersion = 17.12.35527.113 d17.12
MinimumVisualStudioVersion = 10.0.40219.1
Project("{FAE04EC0-301F-11D3-BF4B-00C04F79EFBC}") = "TeacherStudentTracker", "TeacherStudentTracker.csproj", "{C24F31BE-209E-4B6C-AB69-98D0EF0BD18F}"
EndProject
Project("{FAE04EC0-301F-11D3-BF4B-00C04F79EFBC}") = "TeacherStudentTracker.Desktop", "..\TeacherStudentTracker.Desktop\TeacherStudentTracker.Desktop.csproj", "{DD53D59C-F0BC-4B65-8D13-BE1DDF2AC59A}"
EndProject
Global
	GlobalSection(SolutionConfigurationPlatforms) = preSolution
		Debug|Any CPU = Debug|Any CPU
		Release|Any CPU = Release|Any CPU
	EndGlobalSection
	GlobalSection(ProjectConfigurationPlatforms) = postSolution
		{C24F31BE-209E-4B6C-AB69-98D0EF0BD18F}.Debug|Any CPU.ActiveCfg = Debug|Any CPU
		{C24F31BE-209E-4B6C-AB69-98D0EF0BD18F}.Debug|Any CPU.Build.0 = Debug|Any CPU
		{C24F31BE-209E-4B6C-AB69-98D0EF0BD18F}.Release|Any CPU.ActiveCfg = Release|Any CPU
		{C24F31BE-209E-4B6C-AB69-98D0EF0BD18F}.Release|Any CPU.Build.0 = Release|Any CPU
		{DD53D59C-F0BC-4B65-8D13-BE1DDF2AC59A}.Debug|Any CPU.ActiveCfg = Debug|Any CPU
		{DD53D59C-F0BC-4B65-8D13-BE1DDF2AC59A}.Debug|Any CPU.Build.0 = Debug|Any CPU
		{DD53D59C-F0BC-4B65-8D13-BE1DDF2AC59A}.Release|Any CPU.ActiveCfg = Release|Any CPU
		{DD53D59C-F0BC-4B65-8D13-BE1DDF2AC59A}.Release|Any CPU.Build.0 = Release|Any CPU
	EndGlobalSection
	GlobalSection(SolutionProperties) = preSolution
		HideSolutionNode = FALSE
	EndGlobalSection
EndGlobal
